Microsoft Visual Studio Solution File, Format Version 12.00
# Visual Studio Version 17
VisualStudioVersion = 17.5.2.0
MinimumVisualStudioVersion = 10.0.40219.1
Project("{FAE04EC0-301F-11D3-BF4B-00C04F79EFBC}") = "trivia-backend", "trivia-backend.csproj", "{D749F713-F76D-4795-C35F-C1305B6773FF}"
EndProject
Global
	GlobalSection(SolutionConfigurationPlatforms) = preSolution
		Debug|Any CPU = Debug|Any CPU
		Release|Any CPU = Release|Any CPU
	EndGlobalSection
	GlobalSection(ProjectConfigurationPlatforms) = postSolution
		{D749F713-F76D-4795-C35F-C1305B6773FF}.Debug|Any CPU.ActiveCfg = Debug|Any CPU
		{D749F713-F76D-4795-C35F-C1305B6773FF}.Debug|Any CPU.Build.0 = Debug|Any CPU
		{D749F713-F76D-4795-C35F-C1305B6773FF}.Release|Any CPU.ActiveCfg = Release|Any CPU
		{D749F713-F76D-4795-C35F-C1305B6773FF}.Release|Any CPU.Build.0 = Release|Any CPU
	EndGlobalSection
	GlobalSection(SolutionProperties) = preSolution
		HideSolutionNode = FALSE
	EndGlobalSection
	GlobalSection(ExtensibilityGlobals) = postSolution
		SolutionGuid = {D1C0BE66-D883-4997-9729-D0D61714DB1D}
	EndGlobalSection
EndGlobal
